
Microsoft Visual Studio Solution File, Format Version 12.00
# Visual Studio Version 18
VisualStudioVersion = 18.6.11806.211
MinimumVisualStudioVersion = 10.0.40219.1
Project("{FAE04EC0-301F-11D3-BF4B-00C04F79EFBC}") = "ComfortEye", "ComfortEye.csproj", "{3E83DDF7-FB49-3EC0-7837-C2C7AC88C08C}"
EndProject
Project("{54435603-DBB4-11D2-8724-00A0C9A8B90C}") = "Setup", "Setup\Setup.vdproj", "{DBE9999D-346E-CA63-6964-F3B7FC1D42B4}"
EndProject
Global
	GlobalSection(SolutionConfigurationPlatforms) = preSolution
		Debug|Any CPU = Debug|Any CPU
		Release|Any CPU = Release|Any CPU
	EndGlobalSection
	GlobalSection(ProjectConfigurationPlatforms) = postSolution
		{3E83DDF7-FB49-3EC0-7837-C2C7AC88C08C}.Debug|Any CPU.ActiveCfg = Debug|Any CPU
		{3E83DDF7-FB49-3EC0-7837-C2C7AC88C08C}.Debug|Any CPU.Build.0 = Debug|Any CPU
		{3E83DDF7-FB49-3EC0-7837-C2C7AC88C08C}.Release|Any CPU.ActiveCfg = Release|Any CPU
		{3E83DDF7-FB49-3EC0-7837-C2C7AC88C08C}.Release|Any CPU.Build.0 = Release|Any CPU
		{DBE9999D-346E-CA63-6964-F3B7FC1D42B4}.Debug|Any CPU.ActiveCfg = Debug
		{DBE9999D-346E-CA63-6964-F3B7FC1D42B4}.Release|Any CPU.ActiveCfg = Release
	EndGlobalSection
	GlobalSection(SolutionProperties) = preSolution
		HideSolutionNode = FALSE
	EndGlobalSection
	GlobalSection(ExtensibilityGlobals) = postSolution
		SolutionGuid = {D59EC104-0D2D-4740-A812-50D47684120A}
	EndGlobalSection
EndGlobal
